<?xml version="1.0" encoding="utf-8"?>
<Project ToolsVersion="4.0" xmlns="http://schemas.microsoft.com/developer/msbuild/2003">
  <ItemGroup>
    <Filter Include="Source Files">
      <UniqueIdentifier>{4FC737F1-C7A5-4376-A066-2A32D752A2FF}</UniqueIdentifier>
      <Extensions>cpp;c;cc;cxx;c++;cppm;ixx;def;odl;idl;hpj;bat;asm;asmx</Extensions>
    </Filter>
    <Filter Include="Header Files">
      <UniqueIdentifier>{93995380-89BD-4b04-88EB-625FBE52EBFB}</UniqueIdentifier>
      <Extensions>h;hh;hpp;hxx;h++;hm;inl;inc;ipp;xsd</Extensions>
    </Filter>
    <Filter Include="BehaviourScripts">
      <UniqueIdentifier>{5a461c92-ce69-45df-9469-b345cb56577c}</UniqueIdentifier>
    </Filter>
    <Filter Include="BehaviourScripts\Source Files">
      <UniqueIdentifier>{e285daa5-923a-4184-9007-24bf9dba4857}</UniqueIdentifier>
    </Filter>
    <Filter Include="BehaviourScripts\Header Files">
      <UniqueIdentifier>{fd00ffcf-9c49-4a2e-bf23-69ae44f59809}</UniqueIdentifier>
    </Filter>
    <Filter Include="UIScripts">
      <UniqueIdentifier>{f7489cc8-69d0-4cd6-bfc5-044214ee87fd}</UniqueIdentifier>
    </Filter>
    <Filter Include="UIScripts\Header Files">
      <UniqueIdentifier>{dac9fb77-0499-4fc8-b722-62fe640d5f4c}</UniqueIdentifier>
    </Filter>
    <Filter Include="UIScripts\Source Files">
      <UniqueIdentifier>{6e89699d-d9ce-43e5-b36c-79053d01eaf6}</UniqueIdentifier>
    </Filter>
  </ItemGroup>
  <ItemGroup>
    <ClInclude Include="include\DelusiveScripts\EnemyLogic\BasicFollow.h">
      <Filter>BehaviourScripts\Header Files</Filter>
    </ClInclude>
    <ClInclude Include="DelusiveScripts.h">
      <Filter>Header Files</Filter>
    </ClInclude>
    <ClInclude Include="include\DelusiveScripts\UI\EquipScreen.h">
      <Filter>Header Files</Filter>
    </ClInclude>
    <ClInclude Include="include\DelusiveScripts\EnemyLogic\BasicRanged.h">
      <Filter>Header Files</Filter>
    </ClInclude>
  </ItemGroup>
  <ItemGroup>
    <ClCompile Include="src\DelusiveScripts.cpp">
      <Filter>Source Files</Filter>
    </ClCompile>
    <ClCompile Include="src\Scripts\EnemyLogic\BasicFollow.cpp">
      <Filter>BehaviourScripts\Source Files</Filter>
    </ClCompile>
    <ClCompile Include="Tools\ScriptRegistryGenerator.cpp">
      <Filter>Source Files</Filter>
    </ClCompile>
    <ClCompile Include="src\Generated\AutoGeneratedScripts.cpp">
      <Filter>Source Files</Filter>
    </ClCompile>
    <ClCompile Include="src\Scripts\UI\EquipScreen.cpp">
      <Filter>Source Files</Filter>
    </ClCompile>
    <ClCompile Include="src\Scripts\EnemyLogic\BasicRanged.cpp">
      <Filter>Source Files</Filter>
    </ClCompile>
  </ItemGroup>
</Project>