<?xml version="1.0" encoding="utf-8"?>
<Project ToolsVersion="4.0" xmlns="http://schemas.microsoft.com/developer/msbuild/2003">
  <ItemGroup>
    <Filter Include="Resource Files">
      <UniqueIdentifier>{67DA6AB6-F800-4c08-8B7A-83BB121AAD01}</UniqueIdentifier>
      <Extensions>rc;ico;cur;bmp;dlg;rc2;rct;bin;rgs;gif;jpg;jpeg;jpe;resx;tiff;tif;png;wav;mfcribbon-ms</Extensions>
    </Filter>
    <Filter Include="engine">
      <UniqueIdentifier>{a68dda17-ff52-4786-8b55-c599d997cead}</UniqueIdentifier>
    </Filter>
    <Filter Include="engine\core">
      <UniqueIdentifier>{c5b55ade-7c2c-47b8-9aae-9eb9500e9f14}</UniqueIdentifier>
    </Filter>
    <Filter Include="engine\render">
      <UniqueIdentifier>{1a4a07a6-9bf7-41ed-95ae-36c966c3a476}</UniqueIdentifier>
    </Filter>
    <Filter Include="engine\physics">
      <UniqueIdentifier>{2bca794d-0cf9-4aad-bcfb-f8bd993daeae}</UniqueIdentifier>
    </Filter>
    <Filter Include="engine\core\Source Files">
      <UniqueIdentifier>{826a5ae5-9688-4a4d-beb9-69949fcae5ac}</UniqueIdentifier>
    </Filter>
    <Filter Include="engine\core\Header Files">
      <UniqueIdentifier>{aa305504-4276-415d-b57e-f7a63d786117}</UniqueIdentifier>
    </Filter>
    <Filter Include="engine\physics\Header Files">
      <UniqueIdentifier>{832d43cc-c824-4802-af04-758eba2f7b95}</UniqueIdentifier>
    </Filter>
    <Filter Include="engine\physics\Source Files">
      <UniqueIdentifier>{3b3fbcae-4363-4e72-a97a-1ec314e5394a}</UniqueIdentifier>
    </Filter>
    <Filter Include="engine\render\Header Files">
      <UniqueIdentifier>{17b796ae-ad8b-47ef-80fb-31605448185d}</UniqueIdentifier>
    </Filter>
    <Filter Include="engine\render\Source Files">
      <UniqueIdentifier>{ba797360-9aae-422e-a16c-cdde4e5a2710}</UniqueIdentifier>
    </Filter>
    <Filter Include="engine\agents">
      <UniqueIdentifier>{4eee34fc-51f2-42dc-81a6-2c574dfb8885}</UniqueIdentifier>
    </Filter>
    <Filter Include="engine\agents\Source Files">
      <UniqueIdentifier>{e9d9e0e2-0da7-40f2-87da-8ddf76a8cae5}</UniqueIdentifier>
    </Filter>
    <Filter Include="engine\components">
      <UniqueIdentifier>{483e9b4b-1446-4c02-a43a-4836bba412e1}</UniqueIdentifier>
    </Filter>
    <Filter Include="engine\components\Header Files">
      <UniqueIdentifier>{f64ab706-8c8e-47a6-8008-a8cbe9c5add7}</UniqueIdentifier>
    </Filter>
    <Filter Include="engine\components\Source Files">
      <UniqueIdentifier>{3d689567-6e75-453f-9348-d2d03b256040}</UniqueIdentifier>
    </Filter>
    <Filter Include="engine\ui">
      <UniqueIdentifier>{c535c558-7540-4957-8825-5c53df2f3111}</UniqueIdentifier>
    </Filter>
    <Filter Include="engine\ui\Source Files">
      <UniqueIdentifier>{50235631-d64c-45e4-8747-f6308ffbd1ba}</UniqueIdentifier>
    </Filter>
    <Filter Include="engine\healthsystem">
      <UniqueIdentifier>{81bfaf08-b97c-45ab-8bc3-e4401007a7c4}</UniqueIdentifier>
    </Filter>
    <Filter Include="engine\healthsystem\Source Files">
      <UniqueIdentifier>{6e8cc9de-9027-411f-9f88-d7b8a4b794f0}</UniqueIdentifier>
    </Filter>
    <Filter Include="engine\healthsystem\Header Files">
      <UniqueIdentifier>{f75123e8-804c-4888-86ff-2134cea7c5ed}</UniqueIdentifier>
    </Filter>
    <Filter Include="engine\agents\Header Files">
      <UniqueIdentifier>{9048e558-172d-4dcc-af60-cf9d408e60a5}</UniqueIdentifier>
    </Filter>
    <Filter Include="engine\behaviour scripts">
      <UniqueIdentifier>{3963e66d-1ab2-4db7-a950-123935363951}</UniqueIdentifier>
    </Filter>
    <Filter Include="engine\behaviour scripts\Header Files">
      <UniqueIdentifier>{6a892d59-69f6-4701-86ab-a939741dcd75}</UniqueIdentifier>
    </Filter>
    <Filter Include="engine\behaviour scripts\Source Files">
      <UniqueIdentifier>{b8cdef50-a7a2-4d60-852e-85a97eac11cd}</UniqueIdentifier>
    </Filter>
    <Filter Include="engine\editor">
      <UniqueIdentifier>{2b0c9f40-5622-4798-b681-9a41fcc519c9}</UniqueIdentifier>
    </Filter>
    <Filter Include="engine\editor\Header Files">
      <UniqueIdentifier>{d936ee94-f98c-44aa-b6f0-aeff48fea58b}</UniqueIdentifier>
    </Filter>
    <Filter Include="engine\editor\Source Files">
      <UniqueIdentifier>{2795c03b-d9c8-4ab6-b9c7-b4ee6ab80f57}</UniqueIdentifier>
    </Filter>
    <Filter Include="External Files">
      <UniqueIdentifier>{65a35c46-3e84-42f7-a3d8-f811191afe14}</UniqueIdentifier>
    </Filter>
    <Filter Include="External Files\External Headers">
      <UniqueIdentifier>{56f8f0c3-b540-4aa0-ba32-c9e9d6886498}</UniqueIdentifier>
    </Filter>
    <Filter Include="External Files\Internal Implementation">
      <UniqueIdentifier>{0abab48b-fdc9-4767-ade6-953bbf1aab3a}</UniqueIdentifier>
    </Filter>
    <Filter Include="engine\ui\Buttons">
      <UniqueIdentifier>{1f3ec516-c34f-493f-9749-6a7af5bb9d3e}</UniqueIdentifier>
    </Filter>
    <Filter Include="engine\ui\Buttons\Header Files">
      <UniqueIdentifier>{7feaf987-1adb-44fc-aec3-0d1e11bf4707}</UniqueIdentifier>
    </Filter>
    <Filter Include="engine\ui\Buttons\Source Files">
      <UniqueIdentifier>{a8a51f93-b3eb-44f6-ae1a-5696e76331f6}</UniqueIdentifier>
    </Filter>
    <Filter Include="engine\inventory system">
      <UniqueIdentifier>{86fecdf6-5351-47c7-a424-ada336b81a45}</UniqueIdentifier>
    </Filter>
    <Filter Include="engine\inventory system\Header Files">
      <UniqueIdentifier>{3dc14115-3d78-4562-985d-0984c58d07f1}</UniqueIdentifier>
    </Filter>
    <Filter Include="engine\inventory system\Source Files">
      <UniqueIdentifier>{fa1a949a-64cb-43f7-8284-91bc38abab05}</UniqueIdentifier>
    </Filter>
    <Filter Include="engine\ui\UIScripts">
      <UniqueIdentifier>{2af7e258-80b3-48db-a430-27c05bfcd28c}</UniqueIdentifier>
    </Filter>
    <Filter Include="engine\ui\Header Files">
      <UniqueIdentifier>{dc2be865-bd83-4135-b271-bdccc9b5b11d}</UniqueIdentifier>
    </Filter>
    <Filter Include="engine\registry systems">
      <UniqueIdentifier>{99e5d424-5014-4ab7-8ae6-b4189554bd61}</UniqueIdentifier>
    </Filter>
    <Filter Include="engine\registry systems\Header Files">
      <UniqueIdentifier>{9e339fe7-5827-45b3-b27f-8fa1e061c7d3}</UniqueIdentifier>
    </Filter>
    <Filter Include="engine\registry systems\Source Files">
      <UniqueIdentifier>{fb645da7-8a48-4486-b9b3-64bb928e956f}</UniqueIdentifier>
    </Filter>
  </ItemGroup>
  <ItemGroup>
    <ClCompile Include="src\imgui\imgui.cpp">
      <Filter>Resource Files</Filter>
    </ClCompile>
    <ClCompile Include="src\Delusive\Runtime\Scene\Scene.cpp">
      <Filter>engine\core\Source Files</Filter>
    </ClCompile>
    <ClCompile Include="src\Delusive\Runtime\Collision\Collider.cpp">
      <Filter>engine\physics\Source Files</Filter>
    </ClCompile>
    <ClCompile Include="src\Delusive\Runtime\Rendering\DelusiveRenderer.cpp">
      <Filter>engine\render\Source Files</Filter>
    </ClCompile>
    <ClCompile Include="src\Delusive\Runtime\Rendering\ColliderRenderer.cpp">
      <Filter>engine\render\Source Files</Filter>
    </ClCompile>
    <ClCompile Include="src\Delusive\Runtime\Rendering\Shader.cpp">
      <Filter>engine\render\Source Files</Filter>
    </ClCompile>
    <ClCompile Include="src\Delusive\Runtime\Rendering\SpriteData.cpp">
      <Filter>engine\core\Source Files</Filter>
    </ClCompile>
    <ClCompile Include="src\Delusive\Runtime\Rendering\Texture.cpp">
      <Filter>engine\render\Source Files</Filter>
    </ClCompile>
    <ClCompile Include="src\Delusive\Runtime\Agents\PlayerAgent.cpp">
      <Filter>engine\agents\Source Files</Filter>
    </ClCompile>
    <ClCompile Include="src\Delusive\Runtime\Components\Component.cpp">
      <Filter>engine\components</Filter>
    </ClCompile>
    <ClCompile Include="src\Delusive\Runtime\Components\SpriteComponent.cpp">
      <Filter>engine\components\Source Files</Filter>
    </ClCompile>
    <ClCompile Include="src\Delusive\Runtime\Components\AnimatorComponent.cpp">
      <Filter>engine\components\Source Files</Filter>
    </ClCompile>
    <ClCompile Include="src\Delusive\Runtime\Components\StatsComponent.cpp">
      <Filter>engine\components\Source Files</Filter>
    </ClCompile>
    <ClCompile Include="src\Delusive\Runtime\Components\ColliderComponent.cpp">
      <Filter>engine\components\Source Files</Filter>
    </ClCompile>
    <ClCompile Include="src\Delusive\Runtime\Collision\HitboxCollider.cpp">
      <Filter>engine\components\Source Files</Filter>
    </ClCompile>
    <ClCompile Include="src\Delusive\Runtime\Collision\HurtboxCollider.cpp">
      <Filter>engine\components\Source Files</Filter>
    </ClCompile>
    <ClCompile Include="src\Delusive\Runtime\Collision\TriggerCollider.cpp">
      <Filter>engine\components\Source Files</Filter>
    </ClCompile>
    <ClCompile Include="src\Delusive\Runtime\Collision\SolidCollider.cpp">
      <Filter>engine\components\Source Files</Filter>
    </ClCompile>
    <ClCompile Include="src\Delusive\Runtime\Utils\DelusiveUtils.cpp">
      <Filter>engine\core\Source Files</Filter>
    </ClCompile>
    <ClCompile Include="src\Delusive\Runtime\Agents\Agent.cpp">
      <Filter>engine\agents</Filter>
    </ClCompile>
    <ClCompile Include="src\Delusive\Runtime\Animation\Animation.cpp">
      <Filter>engine\core\Source Files</Filter>
    </ClCompile>
    <ClCompile Include="src\Delusive\Runtime\Agents\CameraAgent.cpp">
      <Filter>engine\agents\Source Files</Filter>
    </ClCompile>
    <ClCompile Include="src\Delusive\Runtime\UI\UILabel.cpp">
      <Filter>engine\ui\Source Files</Filter>
    </ClCompile>
    <ClCompile Include="src\Delusive\Runtime\Core\PhysicsSystem.cpp">
      <Filter>engine\physics\Source Files</Filter>
    </ClCompile>
    <ClCompile Include="src\Delusive\Runtime\Agents\EnemyAgent.cpp">
      <Filter>engine\agents\Source Files</Filter>
    </ClCompile>
    <ClCompile Include="src\Delusive\Runtime\Components\PathfindingComponent.cpp">
      <Filter>engine\components\Source Files</Filter>
    </ClCompile>
    <ClCompile Include="src\Delusive\Runtime\Scene\PathfindingSystem.cpp">
      <Filter>engine\core\Source Files</Filter>
    </ClCompile>
    <ClCompile Include="src\Delusive\Runtime\Agents\EnvironmentAgent.cpp">
      <Filter>engine\agents\Source Files</Filter>
    </ClCompile>
    <ClCompile Include="src\Delusive\Runtime\Core\GameManager.cpp">
      <Filter>engine\core\Source Files</Filter>
    </ClCompile>
    <ClCompile Include="src\Delusive\Runtime\UI\UIButton.cpp">
      <Filter>engine\ui\Source Files</Filter>
    </ClCompile>
    <ClCompile Include="src\Delusive\Runtime\UI\UIImage.cpp">
      <Filter>engine\ui\Source Files</Filter>
    </ClCompile>
    <ClCompile Include="src\Delusive\Runtime\UI\UIPanel.cpp">
      <Filter>engine\ui\Source Files</Filter>
    </ClCompile>
    <ClCompile Include="src\Delusive\Runtime\UI\UICanvas.cpp">
      <Filter>engine\ui\Source Files</Filter>
    </ClCompile>
    <ClCompile Include="src\Delusive\Runtime\Rendering\Font.cpp">
      <Filter>engine\render\Source Files</Filter>
    </ClCompile>
    <ClCompile Include="src\Delusive\Runtime\Scene\UIManager.cpp">
      <Filter>engine\ui\Source Files</Filter>
    </ClCompile>
    <ClCompile Include="src\Delusive\Runtime\UI\DelusiveUI.cpp">
      <Filter>engine\ui</Filter>
    </ClCompile>
    <ClCompile Include="src\Delusive\Runtime\Talismans\Talisman.cpp">
      <Filter>engine\healthsystem</Filter>
    </ClCompile>
    <ClCompile Include="src\Delusive\Runtime\Talismans\BasicTalisman.cpp">
      <Filter>engine\healthsystem\Source Files</Filter>
    </ClCompile>
    <ClCompile Include="src\Delusive\Runtime\Scene\SceneSystem.cpp">
      <Filter>engine\core\Source Files</Filter>
    </ClCompile>
    <ClCompile Include="src\Delusive\Runtime\UI\DelusiveUIRegistry.cpp">
      <Filter>engine\ui\Source Files</Filter>
    </ClCompile>
    <ClCompile Include="src\Delusive\Runtime\UI\UIElement.cpp">
      <Filter>engine\ui\Source Files</Filter>
    </ClCompile>
    <ClCompile Include="src\Delusive\Runtime\Editor\EditorRegistry.cpp" />
    <ClCompile Include="src\Delusive\Runtime\DelusiveEngine.cpp" />
    <ClCompile Include="src\Delusive\Runtime\Editor\EditorInterface.cpp">
      <Filter>engine\editor\Source Files</Filter>
    </ClCompile>
    <ClCompile Include="src\Delusive\Runtime\Editor\EngineUI.cpp">
      <Filter>engine\editor\Source Files</Filter>
    </ClCompile>
    <ClCompile Include="src\Delusive\Runtime\Components\ScriptComponent.cpp">
      <Filter>engine\components\Source Files</Filter>
    </ClCompile>
    <ClCompile Include="src\Delusive\Runtime\Core\DelusiveRegistry.cpp">
      <Filter>engine\core\Source Files</Filter>
    </ClCompile>
    <ClCompile Include="src\Delusive\Runtime\UI\UITalismanDisplay.cpp">
      <Filter>engine\ui\Source Files</Filter>
    </ClCompile>
    <ClCompile Include="src\Delusive\Runtime\Rendering\TextureManager.cpp">
      <Filter>engine\render\Source Files</Filter>
    </ClCompile>
    <ClCompile Include="src\Delusive\Runtime\UI\UIRepeatContainer.cpp">
      <Filter>engine\ui\Source Files</Filter>
    </ClCompile>
    <ClCompile Include="src\Delusive\Runtime\UI\UITalismanButton.cpp">
      <Filter>engine\ui\Buttons\Source Files</Filter>
    </ClCompile>
    <ClCompile Include="src\Delusive\Runtime\Player\DelusiveInventory.cpp">
      <Filter>engine\inventory system\Source Files</Filter>
    </ClCompile>
    <ClCompile Include="src\Delusive\Runtime\UI\UIScriptContainer.cpp">
      <Filter>engine\ui\Source Files</Filter>
    </ClCompile>
    <ClCompile Include="src\Delusive\Runtime\Scripting\ScriptRegistry.cpp">
      <Filter>External Files\Internal Implementation</Filter>
    </ClCompile>
    <ClCompile Include="..\include\imgui\imgui.cpp" />
    <ClCompile Include="..\include\imgui\imgui_demo.cpp" />
    <ClCompile Include="..\include\imgui\imgui_draw.cpp" />
    <ClCompile Include="..\include\imgui\imgui_tables.cpp" />
    <ClCompile Include="..\include\imgui\imgui_widgets.cpp" />
    <ClCompile Include="..\include\imgui\backend\imgui_impl_opengl3.cpp" />
    <ClCompile Include="..\include\imgui\backend\imgui_impl_sdl3.cpp" />
    <ClCompile Include="src\Delusive\Scripting\UIScript.cpp" />
    <ClCompile Include="src\Delusive\Runtime\Talismans\TalismanFactory.cpp" />
    <ClCompile Include="src\Delusive\Scripting\BehaviourScript.cpp" />
    <ClCompile Include="src\Delusive\Runtime\Utils\PropertyDraw.cpp" />
    <ClCompile Include="src\Delusive\Runtime\Core\DelusiveParser.cpp" />
  </ItemGroup>
  <ItemGroup>
    <ClInclude Include="include\DelusiveInternal\Scene\Scene.h">
      <Filter>engine\core\Header Files</Filter>
    </ClInclude>
    <ClInclude Include="include\DelusiveInternal\Collision\Collider.h">
      <Filter>engine\physics\Header Files</Filter>
    </ClInclude>
    <ClInclude Include="include\DelusiveInternal\Rendering\DelusiveRenderer.h">
      <Filter>engine\render\Header Files</Filter>
    </ClInclude>
    <ClInclude Include="include\DelusiveInternal\Rendering\Texture.h">
      <Filter>engine\render\Header Files</Filter>
    </ClInclude>
    <ClInclude Include="include\DelusiveInternal\Rendering\SpriteData.h">
      <Filter>engine\core\Header Files</Filter>
    </ClInclude>
    <ClInclude Include="include\DelusiveInternal\Rendering\Shader.h">
      <Filter>engine\render\Header Files</Filter>
    </ClInclude>
    <ClInclude Include="include\DelusiveInternal\Core\Camera.h">
      <Filter>engine\render\Header Files</Filter>
    </ClInclude>
    <ClInclude Include="include\DelusiveInternal\Rendering\ColliderRenderer.h">
      <Filter>engine\render\Header Files</Filter>
    </ClInclude>
    <ClInclude Include="include\DelusiveInternal\Components\TransformComponent.h">
      <Filter>engine\core\Header Files</Filter>
    </ClInclude>
    <ClInclude Include="include\DelusiveInternal\Agents\PlayerAgent.h">
      <Filter>engine\agents\Header Files</Filter>
    </ClInclude>
    <ClInclude Include="include\DelusiveInternal\Components\Component.h">
      <Filter>engine\components</Filter>
    </ClInclude>
    <ClInclude Include="include\DelusiveInternal\Components\SpriteComponent.h">
      <Filter>engine\components\Header Files</Filter>
    </ClInclude>
    <ClInclude Include="include\DelusiveInternal\Components\AnimatorComponent.h">
      <Filter>engine\components\Header Files</Filter>
    </ClInclude>
    <ClInclude Include="include\DelusiveInternal\Components\StatsComponent.h">
      <Filter>engine\components\Header Files</Filter>
    </ClInclude>
    <ClInclude Include="include\DelusiveInternal\Components\ColliderComponent.h">
      <Filter>engine\components\Header Files</Filter>
    </ClInclude>
    <ClInclude Include="include\DelusiveInternal\Collision\HitboxCollider.h">
      <Filter>engine\components\Header Files</Filter>
    </ClInclude>
    <ClInclude Include="include\DelusiveInternal\Collision\HurtboxCollider.h">
      <Filter>engine\components\Header Files</Filter>
    </ClInclude>
    <ClInclude Include="include\DelusiveInternal\Collision\TriggerCollider.h">
      <Filter>engine\components\Header Files</Filter>
    </ClInclude>
    <ClInclude Include="include\DelusiveInternal\Collision\SolidCollider.h">
      <Filter>engine\components\Header Files</Filter>
    </ClInclude>
    <ClInclude Include="include\DelusiveInternal\Components\DelusiveComponents.h">
      <Filter>engine\components</Filter>
    </ClInclude>
    <ClInclude Include="include\DelusiveInternal\Utils\DelusiveUtils.h">
      <Filter>engine\core\Header Files</Filter>
    </ClInclude>
    <ClInclude Include="include\DelusiveInternal\Animation\AnimatorData.h">
      <Filter>engine\core\Header Files</Filter>
    </ClInclude>
    <ClInclude Include="include\DelusiveInternal\Agents\Agent.h">
      <Filter>engine\agents</Filter>
    </ClInclude>
    <ClInclude Include="include\DelusiveInternal\Animation\Animation.h">
      <Filter>engine\core\Header Files</Filter>
    </ClInclude>
    <ClInclude Include="include\DelusiveInternal\Agents\CameraAgent.h">
      <Filter>engine\agents\Header Files</Filter>
    </ClInclude>
    <ClInclude Include="include\DelusiveInternal\Agents\DelusiveAgents.h">
      <Filter>engine\agents</Filter>
    </ClInclude>
    <ClInclude Include="include\DelusiveInternal\UI\UIElement.h">
      <Filter>engine\ui\Header Files</Filter>
    </ClInclude>
    <ClInclude Include="include\DelusiveInternal\UI\UILabel.h">
      <Filter>engine\ui\Header Files</Filter>
    </ClInclude>
    <ClInclude Include="include\DelusiveInternal\Scene\UIManager.h">
      <Filter>engine\ui\Header Files</Filter>
    </ClInclude>
    <ClInclude Include="include\DelusiveInternal\UI\DelusiveUI.h">
      <Filter>engine\ui</Filter>
    </ClInclude>
    <ClInclude Include="include\DelusiveInternal\Core\PhysicsSystem.h">
      <Filter>engine\physics\Header Files</Filter>
    </ClInclude>
    <ClInclude Include="include\DelusiveInternal\Agents\EnemyAgent.h">
      <Filter>engine\agents\Header Files</Filter>
    </ClInclude>
    <ClInclude Include="include\DelusiveInternal\Components\PathfindingComponent.h">
      <Filter>engine\components\Header Files</Filter>
    </ClInclude>
    <ClInclude Include="include\DelusiveInternal\Scene\PathfindingSystem.h">
      <Filter>engine\core\Header Files</Filter>
    </ClInclude>
    <ClInclude Include="include\DelusiveInternal\Agents\EnvironmentAgent.h">
      <Filter>engine\agents\Header Files</Filter>
    </ClInclude>
    <ClInclude Include="include\DelusiveInternal\Core\GameManager.h">
      <Filter>engine\core\Header Files</Filter>
    </ClInclude>
    <ClInclude Include="include\DelusiveInternal\UI\UIButton.h">
      <Filter>engine\ui\Header Files</Filter>
    </ClInclude>
    <ClInclude Include="include\DelusiveInternal\Scene\SceneSystem.h">
      <Filter>engine\core\Header Files</Filter>
    </ClInclude>
    <ClInclude Include="include\DelusiveInternal\UI\UIImage.h">
      <Filter>engine\ui\Header Files</Filter>
    </ClInclude>
    <ClInclude Include="include\DelusiveInternal\UI\UIPanel.h">
      <Filter>engine\ui\Header Files</Filter>
    </ClInclude>
    <ClInclude Include="include\DelusiveInternal\UI\UICanvas.h">
      <Filter>engine\ui\Header Files</Filter>
    </ClInclude>
    <ClInclude Include="include\DelusiveInternal\Rendering\Font.h">
      <Filter>engine\render\Header Files</Filter>
    </ClInclude>
    <ClInclude Include="include\DelusiveInternal\Scene\DelusiveSystems.h">
      <Filter>engine\core</Filter>
    </ClInclude>
    <ClInclude Include="include\DelusiveInternal\Talismans\Talisman.h">
      <Filter>engine\healthsystem</Filter>
    </ClInclude>
    <ClInclude Include="include\DelusiveInternal\Talismans\DelusiveTalismans.h">
      <Filter>engine\healthsystem</Filter>
    </ClInclude>
    <ClInclude Include="include\DelusiveInternal\Talismans\BasicTalisman.h">
      <Filter>engine\healthsystem\Header Files</Filter>
    </ClInclude>
    <ClInclude Include="include\DelusiveInternal\Core\DelusiveRegistry.h">
      <Filter>engine\core\Header Files</Filter>
    </ClInclude>
    <ClInclude Include="include\DelusiveInternal\UI\DelusiveUIRegistry.h">
      <Filter>engine\ui\Header Files</Filter>
    </ClInclude>
    <ClInclude Include="include\DelusiveInternal\Core\DelusiveData.h">
      <Filter>engine\core</Filter>
    </ClInclude>
    <ClInclude Include="include\DelusiveInternal\Editor\EditorInput.h" />
    <ClInclude Include="include\DelusiveInternal\Editor\EditorRegistry.h" />
    <ClInclude Include="include\DelusiveInternal\Scene\ISelectable.h" />
    <ClInclude Include="include\DelusiveInternal\DelusiveEngine.h" />
    <ClInclude Include="include\DelusiveInternal\Editor\EditorInterface.h">
      <Filter>engine\editor\Header Files</Filter>
    </ClInclude>
    <ClInclude Include="include\DelusiveInternal\Utils\DelusiveMacros.h">
      <Filter>engine\core\Header Files</Filter>
    </ClInclude>
    <ClInclude Include="include\DelusiveInternal\Scripting\ScriptManager.h">
      <Filter>engine\behaviour scripts\Header Files</Filter>
    </ClInclude>
    <ClInclude Include="include\DelusiveInternal\Components\ScriptComponent.h">
      <Filter>engine\components\Header Files</Filter>
    </ClInclude>
    <ClInclude Include="include\DelusiveInternal\Agents\AgentTypes.h">
      <Filter>engine\agents</Filter>
    </ClInclude>
    <ClInclude Include="include\DelusiveInternal\Player\PlayerStats.h">
      <Filter>engine\core\Header Files</Filter>
    </ClInclude>
    <ClInclude Include="include\DelusiveInternal\Talismans\SpeedTalisman.h">
      <Filter>engine\healthsystem\Header Files</Filter>
    </ClInclude>
    <ClInclude Include="include\DelusiveInternal\Talismans\MajorSpeedTalisman.h">
      <Filter>engine\healthsystem\Header Files</Filter>
    </ClInclude>
    <ClInclude Include="include\DelusiveInternal\UI\UITalismanDisplay.h">
      <Filter>engine\ui\Header Files</Filter>
    </ClInclude>
    <ClInclude Include="include\DelusiveInternal\Rendering\TextureManager.h">
      <Filter>engine\render\Header Files</Filter>
    </ClInclude>
    <ClInclude Include="include\DelusiveInternal\UI\UIEquipScreen.h">
      <Filter>engine\ui\Header Files</Filter>
    </ClInclude>
    <ClInclude Include="include\DelusiveInternal\UI\UIRepeatContainer.h">
      <Filter>engine\ui\Header Files</Filter>
    </ClInclude>
    <ClInclude Include="include\DelusiveInternal\UI\UITalismanButton.h">
      <Filter>engine\ui\Buttons\Header Files</Filter>
    </ClInclude>
    <ClInclude Include="include\DelusiveInternal\Player\DelusiveInventory.h">
      <Filter>engine\inventory system\Header Files</Filter>
    </ClInclude>
    <ClInclude Include="include\DelusiveInternal\Scripting\UIScript.h">
      <Filter>engine\ui\UIScripts</Filter>
    </ClInclude>
    <ClInclude Include="include\DelusiveInternal\UI\UIScriptContainer.h">
      <Filter>engine\ui\Header Files</Filter>
    </ClInclude>
    <ClInclude Include="include\DelusiveInternal\Utils\UUID.h">
      <Filter>engine\core\Header Files</Filter>
    </ClInclude>
    <ClInclude Include="include\DelusiveInternal\Scene\UIUUIDManager.h">
      <Filter>engine\ui\Header Files</Filter>
    </ClInclude>
    <ClInclude Include="include\DelusiveInternal\Utils\DelusiveDeserializer.h" />
    <ClInclude Include="include\DelusiveInternal\Utils\DelusiveSerializer.h" />
    <ClInclude Include="..\include\DelusiveExternal\DelusiveScriptAgent.h">
      <Filter>External Files\External Headers</Filter>
    </ClInclude>
    <ClInclude Include="..\include\DelusiveExternal\DelusiveScriptAPI.h">
      <Filter>External Files\External Headers</Filter>
    </ClInclude>
    <ClInclude Include="..\include\DelusiveExternal\ScriptFactoryBase.h">
      <Filter>External Files\External Headers</Filter>
    </ClInclude>
    <ClInclude Include="..\include\DelusiveExternal\ScriptRegistry.h">
      <Filter>External Files\External Headers</Filter>
    </ClInclude>
    <ClInclude Include="..\include\DelusiveExternal\Transform.h">
      <Filter>External Files\External Headers</Filter>
    </ClInclude>
    <ClInclude Include="include\DelusiveInternal\Talismans\TalismanFactory.h" />
    <ClInclude Include="include\DelusiveInternal\Agents\AgentTemp.h" />
    <ClInclude Include="include\DelusiveInternal\Player\PlayerInputState.h" />
    <ClInclude Include="include\Delusive\Internal\Rendering\ColliderRenderer.h" />
    <ClInclude Include="include\Delusive\Internal\Rendering\DelusiveRenderer.h" />
    <ClInclude Include="include\Delusive\Internal\Rendering\Font.h" />
    <ClInclude Include="include\Delusive\Internal\Rendering\Shader.h" />
    <ClInclude Include="include\Delusive\Internal\Rendering\SpriteData.h" />
    <ClInclude Include="include\Delusive\Internal\Rendering\Texture.h" />
    <ClInclude Include="include\Delusive\Internal\Rendering\TextureManager.h" />
    <ClInclude Include="include\Delusive\Internal\DelusiveEngine.h" />
    <ClInclude Include="include\Delusive\Runtime\Agents\Agent.h" />
    <ClInclude Include="include\Delusive\Runtime\Agents\AgentTemp.h" />
    <ClInclude Include="include\Delusive\Runtime\Agents\AgentTypes.h" />
    <ClInclude Include="include\Delusive\Runtime\Agents\CameraAgent.h" />
    <ClInclude Include="include\Delusive\Runtime\Agents\DelusiveAgents.h" />
    <ClInclude Include="include\Delusive\Runtime\Agents\EnemyAgent.h" />
    <ClInclude Include="include\Delusive\Runtime\Agents\EnvironmentAgent.h" />
    <ClInclude Include="include\Delusive\Runtime\Agents\PlayerAgent.h" />
    <ClInclude Include="include\Delusive\Runtime\Animation\Animation.h" />
    <ClInclude Include="include\Delusive\Runtime\Animation\AnimatorData.h" />
    <ClInclude Include="include\Delusive\Runtime\Collision\Collider.h" />
    <ClInclude Include="include\Delusive\Runtime\Collision\HitboxCollider.h" />
    <ClInclude Include="include\Delusive\Runtime\Collision\HurtboxCollider.h" />
    <ClInclude Include="include\Delusive\Runtime\Collision\SolidCollider.h" />
    <ClInclude Include="include\Delusive\Runtime\Collision\TriggerCollider.h" />
    <ClInclude Include="include\Delusive\Runtime\Components\AnimatorComponent.h" />
    <ClInclude Include="include\Delusive\Runtime\Components\ColliderComponent.h" />
    <ClInclude Include="include\Delusive\Runtime\Components\Component.h" />
    <ClInclude Include="include\Delusive\Runtime\Components\DelusiveComponents.h" />
    <ClInclude Include="include\Delusive\Runtime\Components\PathfindingComponent.h" />
    <ClInclude Include="include\Delusive\Runtime\Components\ScriptComponent.h" />
    <ClInclude Include="include\Delusive\Runtime\Components\SpriteComponent.h" />
    <ClInclude Include="include\Delusive\Runtime\Components\StatsComponent.h" />
    <ClInclude Include="include\Delusive\Runtime\Components\TransformComponent.h" />
    <ClInclude Include="include\Delusive\Runtime\Core\Camera.h" />
    <ClInclude Include="include\Delusive\Runtime\Core\DelusiveData.h" />
    <ClInclude Include="include\Delusive\Runtime\Core\DelusiveRegistry.h" />
    <ClInclude Include="include\Delusive\Runtime\Core\GameManager.h" />
    <ClInclude Include="include\Delusive\Runtime\Core\PhysicsSystem.h" />
    <ClInclude Include="include\Delusive\Runtime\Editor\EditorInput.h" />
    <ClInclude Include="include\Delusive\Runtime\Editor\EditorInterface.h" />
    <ClInclude Include="include\Delusive\Runtime\Editor\EditorRegistry.h" />
    <ClInclude Include="include\Delusive\Runtime\Editor\EngineUI.h" />
    <ClInclude Include="include\Delusive\Runtime\Player\DelusiveInventory.h" />
    <ClInclude Include="include\Delusive\Runtime\Player\PlayerInputState.h" />
    <ClInclude Include="include\Delusive\Runtime\Player\PlayerStats.h" />
    <ClInclude Include="include\Delusive\Runtime\Rendering\ColliderRenderer.h" />
    <ClInclude Include="include\Delusive\Runtime\Rendering\DelusiveRenderer.h" />
    <ClInclude Include="include\Delusive\Runtime\Rendering\Font.h" />
    <ClInclude Include="include\Delusive\Runtime\Rendering\Shader.h" />
    <ClInclude Include="include\Delusive\Runtime\Rendering\SpriteData.h" />
    <ClInclude Include="include\Delusive\Runtime\Rendering\Texture.h" />
    <ClInclude Include="include\Delusive\Runtime\Rendering\TextureManager.h" />
    <ClInclude Include="include\Delusive\Runtime\Scene\DelusiveSystems.h" />
    <ClInclude Include="include\Delusive\Runtime\Scene\ISelectable.h" />
    <ClInclude Include="include\Delusive\Runtime\Scene\PathfindingSystem.h" />
    <ClInclude Include="include\Delusive\Runtime\Scene\Scene.h" />
    <ClInclude Include="include\Delusive\Runtime\Scene\SceneSystem.h" />
    <ClInclude Include="include\Delusive\Runtime\Scene\UIManager.h" />
    <ClInclude Include="include\Delusive\Runtime\Scene\UIUUIDManager.h" />
    <ClInclude Include="include\Delusive\Runtime\Scripting\ScriptManager.h" />
    <ClInclude Include="include\Delusive\Runtime\Talismans\BasicTalisman.h" />
    <ClInclude Include="include\Delusive\Runtime\Talismans\DelusiveTalismans.h" />
    <ClInclude Include="include\Delusive\Runtime\Talismans\MajorSpeedTalisman.h" />
    <ClInclude Include="include\Delusive\Runtime\Talismans\SpeedTalisman.h" />
    <ClInclude Include="include\Delusive\Runtime\Talismans\Talisman.h" />
    <ClInclude Include="include\Delusive\Runtime\Talismans\TalismanFactory.h" />
    <ClInclude Include="include\Delusive\Runtime\UI\DelusiveUI.h" />
    <ClInclude Include="include\Delusive\Runtime\UI\DelusiveUIRegistry.h" />
    <ClInclude Include="include\Delusive\Runtime\UI\UIButton.h" />
    <ClInclude Include="include\Delusive\Runtime\UI\UICanvas.h" />
    <ClInclude Include="include\Delusive\Runtime\UI\UIElement.h" />
    <ClInclude Include="include\Delusive\Runtime\UI\UIImage.h" />
    <ClInclude Include="include\Delusive\Runtime\UI\UILabel.h" />
    <ClInclude Include="include\Delusive\Runtime\UI\UIPanel.h" />
    <ClInclude Include="include\Delusive\Runtime\UI\UIRepeatContainer.h" />
    <ClInclude Include="include\Delusive\Runtime\UI\UIScriptContainer.h" />
    <ClInclude Include="include\Delusive\Runtime\UI\UITalismanButton.h" />
    <ClInclude Include="include\Delusive\Runtime\UI\UITalismanDisplay.h" />
    <ClInclude Include="include\Delusive\Runtime\Utils\DelusiveDeserializer.h" />
    <ClInclude Include="include\Delusive\Runtime\Utils\DelusiveMacros.h" />
    <ClInclude Include="include\Delusive\Runtime\Utils\DelusiveSerializer.h" />
    <ClInclude Include="include\Delusive\Runtime\Utils\DelusiveUtils.h" />
    <ClInclude Include="include\Delusive\Runtime\Utils\UUID.h" />
    <ClInclude Include="include\Delusive\Scripting\BehaviourScript.h" />
    <ClInclude Include="include\Delusive\Scripting\ScriptFactoryBase.h" />
    <ClInclude Include="include\Delusive\Scripting\ScriptRegistry.h" />
    <ClInclude Include="include\Delusive\Runtime\Core\Transform.h" />
    <ClInclude Include="include\Delusive\Scripting\UIScript.h" />
    <ClInclude Include="include\Delusive\Runtime\Core\IDLink.h" />
    <ClInclude Include="include\Delusive\Runtime\Utils\PropertyDraw.h" />
    <ClInclude Include="include\Delusive\Runtime\Core\DelusiveParser.h" />
  </ItemGroup>
  <ItemGroup>
    <None Include="include\DelusiveInternal\Utils\Property.inl" />
    <None Include="include\Delusive\Runtime\Utils\Property.inl" />
  </ItemGroup>
</Project>