<?xml version="1.0" encoding="utf-8"?>
<Project ToolsVersion="4.0" xmlns="http://schemas.microsoft.com/developer/msbuild/2003">
  <ItemGroup>
    <Filter Include="Resource Files">
      <UniqueIdentifier>{67DA6AB6-F800-4c08-8B7A-83BB121AAD01}</UniqueIdentifier>
      <Extensions>rc;ico;cur;bmp;dlg;rc2;rct;bin;rgs;gif;jpg;jpeg;jpe;resx;tiff;tif;png;wav;mfcribbon-ms</Extensions>
    </Filter>
    <Filter Include="engine">
      <UniqueIdentifier>{a68dda17-ff52-4786-8b55-c599d997cead}</UniqueIdentifier>
    </Filter>
    <Filter Include="engine\core">
      <UniqueIdentifier>{c5b55ade-7c2c-47b8-9aae-9eb9500e9f14}</UniqueIdentifier>
    </Filter>
    <Filter Include="engine\render">
      <UniqueIdentifier>{1a4a07a6-9bf7-41ed-95ae-36c966c3a476}</UniqueIdentifier>
    </Filter>
    <Filter Include="engine\physics">
      <UniqueIdentifier>{2bca794d-0cf9-4aad-bcfb-f8bd993daeae}</UniqueIdentifier>
    </Filter>
    <Filter Include="engine\editor">
      <UniqueIdentifier>{0475492e-f1ca-4566-8121-8f2b34bd4927}</UniqueIdentifier>
    </Filter>
    <Filter Include="engine\core\Source Files">
      <UniqueIdentifier>{826a5ae5-9688-4a4d-beb9-69949fcae5ac}</UniqueIdentifier>
    </Filter>
    <Filter Include="engine\core\Header Files">
      <UniqueIdentifier>{aa305504-4276-415d-b57e-f7a63d786117}</UniqueIdentifier>
    </Filter>
    <Filter Include="engine\editor\Header Files">
      <UniqueIdentifier>{9462efdf-9fdc-4024-a5e8-7668a5f126e0}</UniqueIdentifier>
    </Filter>
    <Filter Include="engine\editor\Source Files">
      <UniqueIdentifier>{1a6f38f3-15b8-4ddb-ab5b-f089e5dd55e0}</UniqueIdentifier>
    </Filter>
    <Filter Include="engine\physics\Header Files">
      <UniqueIdentifier>{832d43cc-c824-4802-af04-758eba2f7b95}</UniqueIdentifier>
    </Filter>
    <Filter Include="engine\physics\Source Files">
      <UniqueIdentifier>{3b3fbcae-4363-4e72-a97a-1ec314e5394a}</UniqueIdentifier>
    </Filter>
    <Filter Include="engine\render\Header Files">
      <UniqueIdentifier>{17b796ae-ad8b-47ef-80fb-31605448185d}</UniqueIdentifier>
    </Filter>
    <Filter Include="engine\render\Source Files">
      <UniqueIdentifier>{ba797360-9aae-422e-a16c-cdde4e5a2710}</UniqueIdentifier>
    </Filter>
    <Filter Include="engine\agents">
      <UniqueIdentifier>{4eee34fc-51f2-42dc-81a6-2c574dfb8885}</UniqueIdentifier>
    </Filter>
    <Filter Include="engine\agents\Header Files">
      <UniqueIdentifier>{9048e558-172d-4dcc-af60-cf9d408e60a5}</UniqueIdentifier>
    </Filter>
    <Filter Include="engine\agents\Source Files">
      <UniqueIdentifier>{e9d9e0e2-0da7-40f2-87da-8ddf76a8cae5}</UniqueIdentifier>
    </Filter>
    <Filter Include="engine\components">
      <UniqueIdentifier>{483e9b4b-1446-4c02-a43a-4836bba412e1}</UniqueIdentifier>
    </Filter>
    <Filter Include="engine\components\Header Files">
      <UniqueIdentifier>{f64ab706-8c8e-47a6-8008-a8cbe9c5add7}</UniqueIdentifier>
    </Filter>
    <Filter Include="engine\components\Source Files">
      <UniqueIdentifier>{3d689567-6e75-453f-9348-d2d03b256040}</UniqueIdentifier>
    </Filter>
    <Filter Include="engine\ui">
      <UniqueIdentifier>{c535c558-7540-4957-8825-5c53df2f3111}</UniqueIdentifier>
    </Filter>
    <Filter Include="engine\ui\Headers">
      <UniqueIdentifier>{dc2be865-bd83-4135-b271-bdccc9b5b11d}</UniqueIdentifier>
    </Filter>
    <Filter Include="engine\ui\Source Files">
      <UniqueIdentifier>{50235631-d64c-45e4-8747-f6308ffbd1ba}</UniqueIdentifier>
    </Filter>
  </ItemGroup>
  <ItemGroup>
    <ClCompile Include="imgui.cpp">
      <Filter>Resource Files</Filter>
    </ClCompile>
    <ClCompile Include="include\imgui\backend\imgui_impl_opengl3.cpp">
      <Filter>Resource Files</Filter>
    </ClCompile>
    <ClCompile Include="include\imgui\backend\imgui_impl_sdl3.cpp">
      <Filter>Resource Files</Filter>
    </ClCompile>
    <ClCompile Include="include\imgui\imgui_draw.cpp">
      <Filter>Resource Files</Filter>
    </ClCompile>
    <ClCompile Include="include\imgui\imgui_tables.cpp">
      <Filter>Resource Files</Filter>
    </ClCompile>
    <ClCompile Include="include\imgui\imgui_widgets.cpp">
      <Filter>Resource Files</Filter>
    </ClCompile>
    <ClCompile Include="Scene.cpp">
      <Filter>engine\core\Source Files</Filter>
    </ClCompile>
    <ClCompile Include="SpriteEditor.cpp">
      <Filter>engine\editor\Source Files</Filter>
    </ClCompile>
    <ClCompile Include="Collider.cpp">
      <Filter>engine\physics\Source Files</Filter>
    </ClCompile>
    <ClCompile Include="Renderer.cpp">
      <Filter>engine\render\Source Files</Filter>
    </ClCompile>
    <ClCompile Include="ColliderRenderer.cpp">
      <Filter>engine\render\Source Files</Filter>
    </ClCompile>
    <ClCompile Include="Shader.cpp">
      <Filter>engine\render\Source Files</Filter>
    </ClCompile>
    <ClCompile Include="Sprite.cpp">
      <Filter>engine\render\Source Files</Filter>
    </ClCompile>
    <ClCompile Include="SpriteData.cpp">
      <Filter>engine\core\Source Files</Filter>
    </ClCompile>
    <ClCompile Include="Texture.cpp">
      <Filter>engine\render\Source Files</Filter>
    </ClCompile>
    <ClCompile Include="main.cpp">
      <Filter>engine</Filter>
    </ClCompile>
    <ClCompile Include="EngineUI.cpp">
      <Filter>engine\editor\Source Files</Filter>
    </ClCompile>
    <ClCompile Include="PlayerAgent.cpp">
      <Filter>engine\agents\Source Files</Filter>
    </ClCompile>
    <ClCompile Include="Component.cpp">
      <Filter>engine\components</Filter>
    </ClCompile>
    <ClCompile Include="SpriteComponent.cpp">
      <Filter>engine\components\Source Files</Filter>
    </ClCompile>
    <ClCompile Include="AnimatorComponent.cpp">
      <Filter>engine\components\Source Files</Filter>
    </ClCompile>
    <ClCompile Include="StatsComponent.cpp">
      <Filter>engine\components\Source Files</Filter>
    </ClCompile>
    <ClCompile Include="ColliderComponent.cpp">
      <Filter>engine\components\Source Files</Filter>
    </ClCompile>
    <ClCompile Include="HitboxCollider.cpp">
      <Filter>engine\components\Source Files</Filter>
    </ClCompile>
    <ClCompile Include="HurtboxCollider.cpp">
      <Filter>engine\components\Source Files</Filter>
    </ClCompile>
    <ClCompile Include="TriggerCollider.cpp">
      <Filter>engine\components\Source Files</Filter>
    </ClCompile>
    <ClCompile Include="SolidCollider.cpp">
      <Filter>engine\components\Source Files</Filter>
    </ClCompile>
    <ClCompile Include="DelusiveUtils.cpp">
      <Filter>engine\core\Source Files</Filter>
    </ClCompile>
    <ClCompile Include="Agent.cpp">
      <Filter>engine\agents</Filter>
    </ClCompile>
    <ClCompile Include="Animation.cpp">
      <Filter>engine\core\Source Files</Filter>
    </ClCompile>
    <ClCompile Include="CameraAgent.cpp">
      <Filter>engine\agents\Source Files</Filter>
    </ClCompile>
    <ClCompile Include="UILabel.cpp">
      <Filter>engine\ui\Source Files</Filter>
    </ClCompile>
    <ClCompile Include="PhysicsSystem.cpp">
      <Filter>engine\physics\Source Files</Filter>
    </ClCompile>
    <ClCompile Include="EnemyAgent.cpp">
      <Filter>engine\agents\Source Files</Filter>
    </ClCompile>
    <ClCompile Include="PathfindingComponent.cpp">
      <Filter>engine\components\Source Files</Filter>
    </ClCompile>
    <ClCompile Include="PathfindingSystem.cpp">
      <Filter>engine\core\Source Files</Filter>
    </ClCompile>
    <ClCompile Include="EnvironmentAgent.cpp">
      <Filter>engine\agents\Source Files</Filter>
    </ClCompile>
    <ClCompile Include="GameManager.cpp">
      <Filter>engine\core\Source Files</Filter>
    </ClCompile>
    <ClCompile Include="UIButton.cpp">
      <Filter>engine\ui\Source Files</Filter>
    </ClCompile>
    <ClCompile Include="UIImage.cpp">
      <Filter>engine\ui\Source Files</Filter>
    </ClCompile>
    <ClCompile Include="UIPanel.cpp">
      <Filter>engine\ui\Source Files</Filter>
    </ClCompile>
    <ClCompile Include="UICanvas.cpp">
      <Filter>engine\ui\Source Files</Filter>
    </ClCompile>
    <ClCompile Include="Font.cpp">
      <Filter>engine\render\Source Files</Filter>
    </ClCompile>
    <ClCompile Include="UIManager.cpp">
      <Filter>engine\ui\Source Files</Filter>
    </ClCompile>
    <ClCompile Include="DelusiveUI.cpp">
      <Filter>engine\ui</Filter>
    </ClCompile>
  </ItemGroup>
  <ItemGroup>
    <ClInclude Include="Scene.h">
      <Filter>engine\core\Header Files</Filter>
    </ClInclude>
    <ClInclude Include="SpriteEditor.h">
      <Filter>engine\editor\Header Files</Filter>
    </ClInclude>
    <ClInclude Include="Collider.h">
      <Filter>engine\physics\Header Files</Filter>
    </ClInclude>
    <ClInclude Include="Renderer.h">
      <Filter>engine\render\Header Files</Filter>
    </ClInclude>
    <ClInclude Include="Sprite.h">
      <Filter>engine\render\Header Files</Filter>
    </ClInclude>
    <ClInclude Include="Texture.h">
      <Filter>engine\render\Header Files</Filter>
    </ClInclude>
    <ClInclude Include="SpriteData.h">
      <Filter>engine\core\Header Files</Filter>
    </ClInclude>
    <ClInclude Include="Shader.h">
      <Filter>engine\render\Header Files</Filter>
    </ClInclude>
    <ClInclude Include="Camera.h">
      <Filter>engine\render\Header Files</Filter>
    </ClInclude>
    <ClInclude Include="ColliderRenderer.h">
      <Filter>engine\render\Header Files</Filter>
    </ClInclude>
    <ClInclude Include="TransformData.h">
      <Filter>engine\core\Header Files</Filter>
    </ClInclude>
    <ClInclude Include="EngineUI.h">
      <Filter>engine\editor\Header Files</Filter>
    </ClInclude>
    <ClInclude Include="PlayerAgent.h">
      <Filter>engine\agents\Header Files</Filter>
    </ClInclude>
    <ClInclude Include="Component.h">
      <Filter>engine\components</Filter>
    </ClInclude>
    <ClInclude Include="SpriteComponent.h">
      <Filter>engine\components\Header Files</Filter>
    </ClInclude>
    <ClInclude Include="AnimatorComponent.h">
      <Filter>engine\components\Header Files</Filter>
    </ClInclude>
    <ClInclude Include="StatsComponent.h">
      <Filter>engine\components\Header Files</Filter>
    </ClInclude>
    <ClInclude Include="ColliderComponent.h">
      <Filter>engine\components\Header Files</Filter>
    </ClInclude>
    <ClInclude Include="HitboxCollider.h">
      <Filter>engine\components\Header Files</Filter>
    </ClInclude>
    <ClInclude Include="HurtboxCollider.h">
      <Filter>engine\components\Header Files</Filter>
    </ClInclude>
    <ClInclude Include="TriggerCollider.h">
      <Filter>engine\components\Header Files</Filter>
    </ClInclude>
    <ClInclude Include="SolidCollider.h">
      <Filter>engine\components\Header Files</Filter>
    </ClInclude>
    <ClInclude Include="DelusiveComponents.h">
      <Filter>engine\components</Filter>
    </ClInclude>
    <ClInclude Include="DelusiveUtils.h">
      <Filter>engine\core\Header Files</Filter>
    </ClInclude>
    <ClInclude Include="AnimatorData.h">
      <Filter>engine\core\Header Files</Filter>
    </ClInclude>
    <ClInclude Include="Agent.h">
      <Filter>engine\agents</Filter>
    </ClInclude>
    <ClInclude Include="Animation.h">
      <Filter>engine\core\Header Files</Filter>
    </ClInclude>
    <ClInclude Include="CameraAgent.h">
      <Filter>engine\agents\Header Files</Filter>
    </ClInclude>
    <ClInclude Include="DelusiveAgents.h">
      <Filter>engine\agents</Filter>
    </ClInclude>
    <ClInclude Include="UIElement.h">
      <Filter>engine\ui\Headers</Filter>
    </ClInclude>
    <ClInclude Include="UILabel.h">
      <Filter>engine\ui\Headers</Filter>
    </ClInclude>
    <ClInclude Include="UIManager.h">
      <Filter>engine\ui\Headers</Filter>
    </ClInclude>
    <ClInclude Include="DelusiveUI.h">
      <Filter>engine\ui</Filter>
    </ClInclude>
    <ClInclude Include="PhysicsSystem.h">
      <Filter>engine\physics\Header Files</Filter>
    </ClInclude>
    <ClInclude Include="EnemyAgent.h">
      <Filter>engine\agents\Header Files</Filter>
    </ClInclude>
    <ClInclude Include="PathfindingComponent.h">
      <Filter>engine\components\Header Files</Filter>
    </ClInclude>
    <ClInclude Include="PathfindingSystem.h">
      <Filter>engine\core\Header Files</Filter>
    </ClInclude>
    <ClInclude Include="EnvironmentAgent.h">
      <Filter>engine\agents\Header Files</Filter>
    </ClInclude>
    <ClInclude Include="EnemyScript.h">
      <Filter>engine\agents</Filter>
    </ClInclude>
    <ClInclude Include="GameManager.h">
      <Filter>engine\core\Header Files</Filter>
    </ClInclude>
    <ClInclude Include="UIButton.h">
      <Filter>engine\ui\Headers</Filter>
    </ClInclude>
    <ClInclude Include="SceneSystem.h">
      <Filter>engine\core\Header Files</Filter>
    </ClInclude>
    <ClInclude Include="UIImage.h">
      <Filter>engine\ui\Headers</Filter>
    </ClInclude>
    <ClInclude Include="UIPanel.h">
      <Filter>engine\ui\Headers</Filter>
    </ClInclude>
    <ClInclude Include="UICanvas.h">
      <Filter>engine\ui\Headers</Filter>
    </ClInclude>
    <ClInclude Include="Font.h">
      <Filter>engine\render\Header Files</Filter>
    </ClInclude>
    <ClInclude Include="DelusiveSystems.h">
      <Filter>engine\core</Filter>
    </ClInclude>
  </ItemGroup>
</Project>